
Microsoft Visual Studio Solution File, Format Version 12.00
# Visual Studio 15
VisualStudioVersion = 15.0.28307.489
MinimumVisualStudioVersion = 10.0.40219.1
Project("{2150E333-8FDC-42A3-9474-1A3956D46DE8}") = "Infrastructure", "Infrastructure", "{D39F4CB6-3140-4D1C-8877-7C4123658855}"
EndProject
Project("{2150E333-8FDC-42A3-9474-1A3956D46DE8}") = "DataAccess", "DataAccess", "{16A0FFFA-022A-41D2-88F4-BF4AC73C466A}"
EndProject
Project("{9A19103F-16F7-4668-BE54-9A1E7A4F7556}") = "Repository.Contracts", "Infrastructure\DataAccess\Repository.Contracts\Repository.Contracts.csproj", "{8C0A42D1-60C5-493B-84B7-DE5E8363971E}"
EndProject
Project("{9A19103F-16F7-4668-BE54-9A1E7A4F7556}") = "Repository", "Infrastructure\DataAccess\Repository\Repository.csproj", "{514D628F-1306-4138-9A3E-250F055850B6}"
EndProject
Project("{9A19103F-16F7-4668-BE54-9A1E7A4F7556}") = "Repository.Test", "Infrastructure\DataAccess\Repository.Test\Repository.Test.csproj", "{3B2A94C7-ECCD-4F94-B2F6-DC662543839F}"
EndProject
Project("{2150E333-8FDC-42A3-9474-1A3956D46DE8}") = "Logging", "Logging", "{33182914-42EC-4763-95FE-B0F7F08FC491}"
EndProject
Project("{9A19103F-16F7-4668-BE54-9A1E7A4F7556}") = "Logger.Contracts", "Infrastructure\Logger\Logger.Contracts\Logger.Contracts.csproj", "{B542F3DE-B025-4FA6-B5F4-3F2399E4E303}"
EndProject
Project("{9A19103F-16F7-4668-BE54-9A1E7A4F7556}") = "Logger.Serilog", "Infrastructure\Logger\Logger.Serilog\Logger.Serilog.csproj", "{85ED92FC-86DB-4A7C-A431-3CB880CD8149}"
EndProject
Project("{2150E333-8FDC-42A3-9474-1A3956D46DE8}") = "ServiceLocatorAdapter", "ServiceLocatorAdapter", "{7A69C944-F882-4AB0-8A43-C5B6B46EE8AD}"
EndProject
Project("{9A19103F-16F7-4668-BE54-9A1E7A4F7556}") = "MsDependency", "Infrastructure\ServiceLocatorAdapter\MsDependency\MsDependency.csproj", "{09DF083C-4D8F-4987-90DA-808F5BDA5DFA}"
EndProject
Project("{2150E333-8FDC-42A3-9474-1A3956D46DE8}") = "Validation", "Validation", "{862F177F-D9D9-4C50-9745-79F6D3EEE2F2}"
EndProject
Project("{9A19103F-16F7-4668-BE54-9A1E7A4F7556}") = "Contract", "Infrastructure\Validator\Contract\Contract.csproj", "{B69D92C1-F662-4A4D-B7AC-3DC4301215A9}"
EndProject
Project("{9A19103F-16F7-4668-BE54-9A1E7A4F7556}") = "Validator", "Infrastructure\Validator\Validator\Validator.csproj", "{FCC63502-2FA1-493C-B444-2FBCBC315032}"
EndProject
Project("{9A19103F-16F7-4668-BE54-9A1E7A4F7556}") = "Validator.Test", "Infrastructure\Validator\Validator.Test\Validator.Test.csproj", "{203F1560-6317-4AF5-9CE5-C018678631B4}"
EndProject
Project("{2150E333-8FDC-42A3-9474-1A3956D46DE8}") = "WebApiBootStrapper", "WebApiBootStrapper", "{BB47D1F7-682F-4428-9986-E403720E938A}"
EndProject
Project("{9A19103F-16F7-4668-BE54-9A1E7A4F7556}") = "Bootstrapper", "Infrastructure\WebApiBootstrapper\Bootstrapper\Bootstrapper.csproj", "{93B8BB50-2A1D-4CE5-ADDF-649D8D89059D}"
EndProject
Project("{2150E333-8FDC-42A3-9474-1A3956D46DE8}") = "Write", "Write", "{097A0BFA-0CDF-4F9E-A7D8-719E0B0CC716}"
EndProject
Project("{2150E333-8FDC-42A3-9474-1A3956D46DE8}") = "Query", "Query", "{73B3F07D-A878-4017-B29D-2CD4A49867BF}"
EndProject
Project("{9A19103F-16F7-4668-BE54-9A1E7A4F7556}") = "OnlineCourse.Repository", "Query\OnlineCourse.Repository\OnlineCourse.Repository.csproj", "{62453038-063E-4FC1-B831-8132DDB575DE}"
EndProject
Project("{9A19103F-16F7-4668-BE54-9A1E7A4F7556}") = "OnlineCourse.Repository.Models", "Query\OnlineCourse.Repository.Models\OnlineCourse.Repository.Models.csproj", "{69982563-7E1F-4500-AD9C-E45F3DC5BCA0}"
EndProject
Project("{9A19103F-16F7-4668-BE54-9A1E7A4F7556}") = "QueryServer", "Query\QueryServer\QueryServer.csproj", "{F93CCBC4-1B00-45B1-9B22-2F63F6FB7FEF}"
EndProject
Project("{9A19103F-16F7-4668-BE54-9A1E7A4F7556}") = "CommandServer", "Write\CommandServer\CommandServer.csproj", "{F213C0A4-EDBE-4DD7-91EF-6CA3F3BD0F9A}"
EndProject
Project("{9A19103F-16F7-4668-BE54-9A1E7A4F7556}") = "OnlineCourse.Repository.Entity", "Write\OnlineCourse.Repository.Entity\OnlineCourse.Repository.Entity.csproj", "{6F4531C1-F026-48E9-9DEB-9D0A1FAD4D7A}"
EndProject
Project("{9A19103F-16F7-4668-BE54-9A1E7A4F7556}") = "OnlineCourse.Repository.Domain", "Write\OnlineCourse.Repository.Domain\OnlineCourse.Repository.Domain.csproj", "{2D9A5F25-04F5-471C-94D6-CFF21AD5677C}"
EndProject
Project("{9A19103F-16F7-4668-BE54-9A1E7A4F7556}") = "Commands", "Write\Commands\Commands.csproj", "{25EA9C68-7F95-4372-9B6E-55AFD24A0992}"
EndProject
Project("{9A19103F-16F7-4668-BE54-9A1E7A4F7556}") = "Events", "Write\Events\Events.csproj", "{CCCB88D6-0970-449A-A21E-1B1890011843}"
EndProject
Project("{9A19103F-16F7-4668-BE54-9A1E7A4F7556}") = "CommandHandlers", "Write\CommandHandlers\CommandHandlers.csproj", "{84953473-B9D5-447B-96CA-4D258CFE3F37}"
EndProject
Project("{2150E333-8FDC-42A3-9474-1A3956D46DE8}") = "InfrastructureBus", "InfrastructureBus", "{CF40312F-7EB7-4B17-AF56-0BE373352385}"
EndProject
Project("{9A19103F-16F7-4668-BE54-9A1E7A4F7556}") = "Bus.Contracts", "InfrastructureBus\Bus.Contracts\Bus.Contracts.csproj", "{C5329B7D-80D8-40A7-8EFD-0B1DE0DB83AE}"
EndProject
Project("{9A19103F-16F7-4668-BE54-9A1E7A4F7556}") = "ServiceBus", "InfrastructureBus\ServiceBus\ServiceBus.csproj", "{950F7685-4C43-44D5-8018-16FF5DFE38C5}"
EndProject
Project("{9A19103F-16F7-4668-BE54-9A1E7A4F7556}") = "ServiceBusHost", "InfrastructureBus\ServiceBusHost\ServiceBusHost.csproj", "{11C402A8-EAEB-4F0B-957B-3356350A3919}"
EndProject
Project("{9A19103F-16F7-4668-BE54-9A1E7A4F7556}") = "ServiceBusHost.RabbitMq", "InfrastructureBus\ServiceBusHost.RabbitMq\ServiceBusHost.RabbitMq.csproj", "{F84275D5-7DBE-44FD-B3A5-7AC6AA0F9A25}"
EndProject
Project("{9A19103F-16F7-4668-BE54-9A1E7A4F7556}") = "ReadModel.EventSubscriber", "Query\ReadModel.EventSubscriber\ReadModel.EventSubscriber.csproj", "{E3309747-5E23-4C15-B649-1EA8685E3C49}"
EndProject
Project("{FAE04EC0-301F-11D3-BF4B-00C04F79EFBC}") = "Validators", "Write\Validators\Validators.csproj", "{63CE1891-F828-4F53-81E2-5261C7C75AE5}"
EndProject
Global
	GlobalSection(SolutionConfigurationPlatforms) = preSolution
		Debug|Any CPU = Debug|Any CPU
		Release|Any CPU = Release|Any CPU
	EndGlobalSection
	GlobalSection(ProjectConfigurationPlatforms) = postSolution
		{8C0A42D1-60C5-493B-84B7-DE5E8363971E}.Debug|Any CPU.ActiveCfg = Debug|Any CPU
		{8C0A42D1-60C5-493B-84B7-DE5E8363971E}.Debug|Any CPU.Build.0 = Debug|Any CPU
		{8C0A42D1-60C5-493B-84B7-DE5E8363971E}.Release|Any CPU.ActiveCfg = Release|Any CPU
		{8C0A42D1-60C5-493B-84B7-DE5E8363971E}.Release|Any CPU.Build.0 = Release|Any CPU
		{514D628F-1306-4138-9A3E-250F055850B6}.Debug|Any CPU.ActiveCfg = Debug|Any CPU
		{514D628F-1306-4138-9A3E-250F055850B6}.Debug|Any CPU.Build.0 = Debug|Any CPU
		{514D628F-1306-4138-9A3E-250F055850B6}.Release|Any CPU.ActiveCfg = Release|Any CPU
		{514D628F-1306-4138-9A3E-250F055850B6}.Release|Any CPU.Build.0 = Release|Any CPU
		{3B2A94C7-ECCD-4F94-B2F6-DC662543839F}.Debug|Any CPU.ActiveCfg = Debug|Any CPU
		{3B2A94C7-ECCD-4F94-B2F6-DC662543839F}.Debug|Any CPU.Build.0 = Debug|Any CPU
		{3B2A94C7-ECCD-4F94-B2F6-DC662543839F}.Release|Any CPU.ActiveCfg = Release|Any CPU
		{3B2A94C7-ECCD-4F94-B2F6-DC662543839F}.Release|Any CPU.Build.0 = Release|Any CPU
		{B542F3DE-B025-4FA6-B5F4-3F2399E4E303}.Debug|Any CPU.ActiveCfg = Debug|Any CPU
		{B542F3DE-B025-4FA6-B5F4-3F2399E4E303}.Debug|Any CPU.Build.0 = Debug|Any CPU
		{B542F3DE-B025-4FA6-B5F4-3F2399E4E303}.Release|Any CPU.ActiveCfg = Release|Any CPU
		{B542F3DE-B025-4FA6-B5F4-3F2399E4E303}.Release|Any CPU.Build.0 = Release|Any CPU
		{85ED92FC-86DB-4A7C-A431-3CB880CD8149}.Debug|Any CPU.ActiveCfg = Debug|Any CPU
		{85ED92FC-86DB-4A7C-A431-3CB880CD8149}.Debug|Any CPU.Build.0 = Debug|Any CPU
		{85ED92FC-86DB-4A7C-A431-3CB880CD8149}.Release|Any CPU.ActiveCfg = Release|Any CPU
		{85ED92FC-86DB-4A7C-A431-3CB880CD8149}.Release|Any CPU.Build.0 = Release|Any CPU
		{09DF083C-4D8F-4987-90DA-808F5BDA5DFA}.Debug|Any CPU.ActiveCfg = Debug|Any CPU
		{09DF083C-4D8F-4987-90DA-808F5BDA5DFA}.Debug|Any CPU.Build.0 = Debug|Any CPU
		{09DF083C-4D8F-4987-90DA-808F5BDA5DFA}.Release|Any CPU.ActiveCfg = Release|Any CPU
		{09DF083C-4D8F-4987-90DA-808F5BDA5DFA}.Release|Any CPU.Build.0 = Release|Any CPU
		{B69D92C1-F662-4A4D-B7AC-3DC4301215A9}.Debug|Any CPU.ActiveCfg = Debug|Any CPU
		{B69D92C1-F662-4A4D-B7AC-3DC4301215A9}.Debug|Any CPU.Build.0 = Debug|Any CPU
		{B69D92C1-F662-4A4D-B7AC-3DC4301215A9}.Release|Any CPU.ActiveCfg = Release|Any CPU
		{B69D92C1-F662-4A4D-B7AC-3DC4301215A9}.Release|Any CPU.Build.0 = Release|Any CPU
		{FCC63502-2FA1-493C-B444-2FBCBC315032}.Debug|Any CPU.ActiveCfg = Debug|Any CPU
		{FCC63502-2FA1-493C-B444-2FBCBC315032}.Debug|Any CPU.Build.0 = Debug|Any CPU
		{FCC63502-2FA1-493C-B444-2FBCBC315032}.Release|Any CPU.ActiveCfg = Release|Any CPU
		{FCC63502-2FA1-493C-B444-2FBCBC315032}.Release|Any CPU.Build.0 = Release|Any CPU
		{203F1560-6317-4AF5-9CE5-C018678631B4}.Debug|Any CPU.ActiveCfg = Debug|Any CPU
		{203F1560-6317-4AF5-9CE5-C018678631B4}.Debug|Any CPU.Build.0 = Debug|Any CPU
		{203F1560-6317-4AF5-9CE5-C018678631B4}.Release|Any CPU.ActiveCfg = Release|Any CPU
		{203F1560-6317-4AF5-9CE5-C018678631B4}.Release|Any CPU.Build.0 = Release|Any CPU
		{93B8BB50-2A1D-4CE5-ADDF-649D8D89059D}.Debug|Any CPU.ActiveCfg = Debug|Any CPU
		{93B8BB50-2A1D-4CE5-ADDF-649D8D89059D}.Debug|Any CPU.Build.0 = Debug|Any CPU
		{93B8BB50-2A1D-4CE5-ADDF-649D8D89059D}.Release|Any CPU.ActiveCfg = Release|Any CPU
		{93B8BB50-2A1D-4CE5-ADDF-649D8D89059D}.Release|Any CPU.Build.0 = Release|Any CPU
		{62453038-063E-4FC1-B831-8132DDB575DE}.Debug|Any CPU.ActiveCfg = Debug|Any CPU
		{62453038-063E-4FC1-B831-8132DDB575DE}.Debug|Any CPU.Build.0 = Debug|Any CPU
		{62453038-063E-4FC1-B831-8132DDB575DE}.Release|Any CPU.ActiveCfg = Release|Any CPU
		{62453038-063E-4FC1-B831-8132DDB575DE}.Release|Any CPU.Build.0 = Release|Any CPU
		{69982563-7E1F-4500-AD9C-E45F3DC5BCA0}.Debug|Any CPU.ActiveCfg = Debug|Any CPU
		{69982563-7E1F-4500-AD9C-E45F3DC5BCA0}.Debug|Any CPU.Build.0 = Debug|Any CPU
		{69982563-7E1F-4500-AD9C-E45F3DC5BCA0}.Release|Any CPU.ActiveCfg = Release|Any CPU
		{69982563-7E1F-4500-AD9C-E45F3DC5BCA0}.Release|Any CPU.Build.0 = Release|Any CPU
		{F93CCBC4-1B00-45B1-9B22-2F63F6FB7FEF}.Debug|Any CPU.ActiveCfg = Debug|Any CPU
		{F93CCBC4-1B00-45B1-9B22-2F63F6FB7FEF}.Debug|Any CPU.Build.0 = Debug|Any CPU
		{F93CCBC4-1B00-45B1-9B22-2F63F6FB7FEF}.Release|Any CPU.ActiveCfg = Release|Any CPU
		{F93CCBC4-1B00-45B1-9B22-2F63F6FB7FEF}.Release|Any CPU.Build.0 = Release|Any CPU
		{F213C0A4-EDBE-4DD7-91EF-6CA3F3BD0F9A}.Debug|Any CPU.ActiveCfg = Debug|Any CPU
		{F213C0A4-EDBE-4DD7-91EF-6CA3F3BD0F9A}.Debug|Any CPU.Build.0 = Debug|Any CPU
		{F213C0A4-EDBE-4DD7-91EF-6CA3F3BD0F9A}.Release|Any CPU.ActiveCfg = Release|Any CPU
		{F213C0A4-EDBE-4DD7-91EF-6CA3F3BD0F9A}.Release|Any CPU.Build.0 = Release|Any CPU
		{6F4531C1-F026-48E9-9DEB-9D0A1FAD4D7A}.Debug|Any CPU.ActiveCfg = Debug|Any CPU
		{6F4531C1-F026-48E9-9DEB-9D0A1FAD4D7A}.Debug|Any CPU.Build.0 = Debug|Any CPU
		{6F4531C1-F026-48E9-9DEB-9D0A1FAD4D7A}.Release|Any CPU.ActiveCfg = Release|Any CPU
		{6F4531C1-F026-48E9-9DEB-9D0A1FAD4D7A}.Release|Any CPU.Build.0 = Release|Any CPU
		{2D9A5F25-04F5-471C-94D6-CFF21AD5677C}.Debug|Any CPU.ActiveCfg = Debug|Any CPU
		{2D9A5F25-04F5-471C-94D6-CFF21AD5677C}.Debug|Any CPU.Build.0 = Debug|Any CPU
		{2D9A5F25-04F5-471C-94D6-CFF21AD5677C}.Release|Any CPU.ActiveCfg = Release|Any CPU
		{2D9A5F25-04F5-471C-94D6-CFF21AD5677C}.Release|Any CPU.Build.0 = Release|Any CPU
		{25EA9C68-7F95-4372-9B6E-55AFD24A0992}.Debug|Any CPU.ActiveCfg = Debug|Any CPU
		{25EA9C68-7F95-4372-9B6E-55AFD24A0992}.Debug|Any CPU.Build.0 = Debug|Any CPU
		{25EA9C68-7F95-4372-9B6E-55AFD24A0992}.Release|Any CPU.ActiveCfg = Release|Any CPU
		{25EA9C68-7F95-4372-9B6E-55AFD24A0992}.Release|Any CPU.Build.0 = Release|Any CPU
		{CCCB88D6-0970-449A-A21E-1B1890011843}.Debug|Any CPU.ActiveCfg = Debug|Any CPU
		{CCCB88D6-0970-449A-A21E-1B1890011843}.Debug|Any CPU.Build.0 = Debug|Any CPU
		{CCCB88D6-0970-449A-A21E-1B1890011843}.Release|Any CPU.ActiveCfg = Release|Any CPU
		{CCCB88D6-0970-449A-A21E-1B1890011843}.Release|Any CPU.Build.0 = Release|Any CPU
		{84953473-B9D5-447B-96CA-4D258CFE3F37}.Debug|Any CPU.ActiveCfg = Debug|Any CPU
		{84953473-B9D5-447B-96CA-4D258CFE3F37}.Debug|Any CPU.Build.0 = Debug|Any CPU
		{84953473-B9D5-447B-96CA-4D258CFE3F37}.Release|Any CPU.ActiveCfg = Release|Any CPU
		{84953473-B9D5-447B-96CA-4D258CFE3F37}.Release|Any CPU.Build.0 = Release|Any CPU
		{C5329B7D-80D8-40A7-8EFD-0B1DE0DB83AE}.Debug|Any CPU.ActiveCfg = Debug|Any CPU
		{C5329B7D-80D8-40A7-8EFD-0B1DE0DB83AE}.Debug|Any CPU.Build.0 = Debug|Any CPU
		{C5329B7D-80D8-40A7-8EFD-0B1DE0DB83AE}.Release|Any CPU.ActiveCfg = Release|Any CPU
		{C5329B7D-80D8-40A7-8EFD-0B1DE0DB83AE}.Release|Any CPU.Build.0 = Release|Any CPU
		{950F7685-4C43-44D5-8018-16FF5DFE38C5}.Debug|Any CPU.ActiveCfg = Debug|Any CPU
		{950F7685-4C43-44D5-8018-16FF5DFE38C5}.Debug|Any CPU.Build.0 = Debug|Any CPU
		{950F7685-4C43-44D5-8018-16FF5DFE38C5}.Release|Any CPU.ActiveCfg = Release|Any CPU
		{950F7685-4C43-44D5-8018-16FF5DFE38C5}.Release|Any CPU.Build.0 = Release|Any CPU
		{11C402A8-EAEB-4F0B-957B-3356350A3919}.Debug|Any CPU.ActiveCfg = Debug|Any CPU
		{11C402A8-EAEB-4F0B-957B-3356350A3919}.Debug|Any CPU.Build.0 = Debug|Any CPU
		{11C402A8-EAEB-4F0B-957B-3356350A3919}.Release|Any CPU.ActiveCfg = Release|Any CPU
		{11C402A8-EAEB-4F0B-957B-3356350A3919}.Release|Any CPU.Build.0 = Release|Any CPU
		{F84275D5-7DBE-44FD-B3A5-7AC6AA0F9A25}.Debug|Any CPU.ActiveCfg = Debug|Any CPU
		{F84275D5-7DBE-44FD-B3A5-7AC6AA0F9A25}.Debug|Any CPU.Build.0 = Debug|Any CPU
		{F84275D5-7DBE-44FD-B3A5-7AC6AA0F9A25}.Release|Any CPU.ActiveCfg = Release|Any CPU
		{F84275D5-7DBE-44FD-B3A5-7AC6AA0F9A25}.Release|Any CPU.Build.0 = Release|Any CPU
		{E3309747-5E23-4C15-B649-1EA8685E3C49}.Debug|Any CPU.ActiveCfg = Debug|Any CPU
		{E3309747-5E23-4C15-B649-1EA8685E3C49}.Debug|Any CPU.Build.0 = Debug|Any CPU
		{E3309747-5E23-4C15-B649-1EA8685E3C49}.Release|Any CPU.ActiveCfg = Release|Any CPU
		{E3309747-5E23-4C15-B649-1EA8685E3C49}.Release|Any CPU.Build.0 = Release|Any CPU
		{63CE1891-F828-4F53-81E2-5261C7C75AE5}.Debug|Any CPU.ActiveCfg = Debug|Any CPU
		{63CE1891-F828-4F53-81E2-5261C7C75AE5}.Debug|Any CPU.Build.0 = Debug|Any CPU
		{63CE1891-F828-4F53-81E2-5261C7C75AE5}.Release|Any CPU.ActiveCfg = Release|Any CPU
		{63CE1891-F828-4F53-81E2-5261C7C75AE5}.Release|Any CPU.Build.0 = Release|Any CPU
	EndGlobalSection
	GlobalSection(SolutionProperties) = preSolution
		HideSolutionNode = FALSE
	EndGlobalSection
	GlobalSection(NestedProjects) = preSolution
		{16A0FFFA-022A-41D2-88F4-BF4AC73C466A} = {D39F4CB6-3140-4D1C-8877-7C4123658855}
		{8C0A42D1-60C5-493B-84B7-DE5E8363971E} = {16A0FFFA-022A-41D2-88F4-BF4AC73C466A}
		{514D628F-1306-4138-9A3E-250F055850B6} = {16A0FFFA-022A-41D2-88F4-BF4AC73C466A}
		{3B2A94C7-ECCD-4F94-B2F6-DC662543839F} = {16A0FFFA-022A-41D2-88F4-BF4AC73C466A}
		{33182914-42EC-4763-95FE-B0F7F08FC491} = {D39F4CB6-3140-4D1C-8877-7C4123658855}
		{B542F3DE-B025-4FA6-B5F4-3F2399E4E303} = {33182914-42EC-4763-95FE-B0F7F08FC491}
		{85ED92FC-86DB-4A7C-A431-3CB880CD8149} = {33182914-42EC-4763-95FE-B0F7F08FC491}
		{7A69C944-F882-4AB0-8A43-C5B6B46EE8AD} = {D39F4CB6-3140-4D1C-8877-7C4123658855}
		{09DF083C-4D8F-4987-90DA-808F5BDA5DFA} = {7A69C944-F882-4AB0-8A43-C5B6B46EE8AD}
		{862F177F-D9D9-4C50-9745-79F6D3EEE2F2} = {D39F4CB6-3140-4D1C-8877-7C4123658855}
		{B69D92C1-F662-4A4D-B7AC-3DC4301215A9} = {862F177F-D9D9-4C50-9745-79F6D3EEE2F2}
		{FCC63502-2FA1-493C-B444-2FBCBC315032} = {862F177F-D9D9-4C50-9745-79F6D3EEE2F2}
		{203F1560-6317-4AF5-9CE5-C018678631B4} = {862F177F-D9D9-4C50-9745-79F6D3EEE2F2}
		{BB47D1F7-682F-4428-9986-E403720E938A} = {D39F4CB6-3140-4D1C-8877-7C4123658855}
		{93B8BB50-2A1D-4CE5-ADDF-649D8D89059D} = {BB47D1F7-682F-4428-9986-E403720E938A}
		{62453038-063E-4FC1-B831-8132DDB575DE} = {73B3F07D-A878-4017-B29D-2CD4A49867BF}
		{69982563-7E1F-4500-AD9C-E45F3DC5BCA0} = {73B3F07D-A878-4017-B29D-2CD4A49867BF}
		{F93CCBC4-1B00-45B1-9B22-2F63F6FB7FEF} = {73B3F07D-A878-4017-B29D-2CD4A49867BF}
		{F213C0A4-EDBE-4DD7-91EF-6CA3F3BD0F9A} = {097A0BFA-0CDF-4F9E-A7D8-719E0B0CC716}
		{6F4531C1-F026-48E9-9DEB-9D0A1FAD4D7A} = {097A0BFA-0CDF-4F9E-A7D8-719E0B0CC716}
		{2D9A5F25-04F5-471C-94D6-CFF21AD5677C} = {097A0BFA-0CDF-4F9E-A7D8-719E0B0CC716}
		{25EA9C68-7F95-4372-9B6E-55AFD24A0992} = {097A0BFA-0CDF-4F9E-A7D8-719E0B0CC716}
		{CCCB88D6-0970-449A-A21E-1B1890011843} = {097A0BFA-0CDF-4F9E-A7D8-719E0B0CC716}
		{84953473-B9D5-447B-96CA-4D258CFE3F37} = {097A0BFA-0CDF-4F9E-A7D8-719E0B0CC716}
		{C5329B7D-80D8-40A7-8EFD-0B1DE0DB83AE} = {CF40312F-7EB7-4B17-AF56-0BE373352385}
		{950F7685-4C43-44D5-8018-16FF5DFE38C5} = {CF40312F-7EB7-4B17-AF56-0BE373352385}
		{11C402A8-EAEB-4F0B-957B-3356350A3919} = {CF40312F-7EB7-4B17-AF56-0BE373352385}
		{F84275D5-7DBE-44FD-B3A5-7AC6AA0F9A25} = {CF40312F-7EB7-4B17-AF56-0BE373352385}
		{E3309747-5E23-4C15-B649-1EA8685E3C49} = {73B3F07D-A878-4017-B29D-2CD4A49867BF}
		{63CE1891-F828-4F53-81E2-5261C7C75AE5} = {097A0BFA-0CDF-4F9E-A7D8-719E0B0CC716}
	EndGlobalSection
	GlobalSection(ExtensibilityGlobals) = postSolution
		SolutionGuid = {B5EA6B20-3E9C-4651-9FEE-076C33715FD8}
	EndGlobalSection
EndGlobal
